
Microsoft Visual Studio Solution File, Format Version 12.00
# Visual Studio Version 17
VisualStudioVersion = 17.2.32519.379
MinimumVisualStudioVersion = 10.0.40219.1
Project("{9A19103F-16F7-4668-BE54-9A1E7A4F7556}") = "VideoMonitoring", "VideoMonitoring.csproj", "{F25F714C-A1CE-4692-862A-9513F2CD2AD9}"
EndProject
Global
	GlobalSection(SolutionConfigurationPlatforms) = preSolution
		Debug|Any CPU = Debug|Any CPU
		Release|Any CPU = Release|Any CPU
	EndGlobalSection
	GlobalSection(ProjectConfigurationPlatforms) = postSolution
		{F25F714C-A1CE-4692-862A-9513F2CD2AD9}.Debug|Any CPU.ActiveCfg = Debug|Any CPU
		{F25F714C-A1CE-4692-862A-9513F2CD2AD9}.Debug|Any CPU.Build.0 = Debug|Any CPU
		{F25F714C-A1CE-4692-862A-9513F2CD2AD9}.Release|Any CPU.ActiveCfg = Release|Any CPU
		{F25F714C-A1CE-4692-862A-9513F2CD2AD9}.Release|Any CPU.Build.0 = Release|Any CPU
	EndGlobalSection
	GlobalSection(SolutionProperties) = preSolution
		HideSolutionNode = FALSE
	EndGlobalSection
	GlobalSection(ExtensibilityGlobals) = postSolution
		SolutionGuid = {163D0584-B462-45D8-BCED-6682677705F5}
	EndGlobalSection
EndGlobal
